{
  "name": "gulp-px2rpx",
  "version": "0.2.2",
  "lockfileVersion": 1,
  "requires": true,
  "dependencies": {
    "ansi-gray": {
      "version": "0.1.1",
      "resolved": "https://registry.npmjs.org/ansi-gray/-/ansi-gray-0.1.1.tgz",
      "integrity": "sha1-KWLPVOyXksSFEKPetSRDaGHvclE=",
      "requires": {
        "ansi-wrap": "0.1.0"
      }
    },
    "ansi-wrap": {
      "version": "0.1.0",
      "resolved": "https://registry.npmjs.org/ansi-wrap/-/ansi-wrap-0.1.0.tgz",
      "integrity": "sha1-qCJQ3bABXponyoLoLqYDu/pF768="
    },
    "array-differ": {
      "version": "1.0.0",
      "resolved": "https://registry.npmjs.org/array-differ/-/array-differ-1.0.0.tgz",
      "integrity": "sha1-7/UuN1gknTO+QCuLuOVkuytdQDE="
    },
    "array-uniq": {
      "version": "1.0.3",
      "resolved": "https://registry.npmjs.org/array-uniq/-/array-uniq-1.0.3.tgz",
      "integrity": "sha1-r2rId6Jcx/dOBYiUdThY39sk/bY="
    },
    "beeper": {
      "version": "1.1.1",
      "resolved": "https://registry.npmjs.org/beeper/-/beeper-1.1.1.tgz",
      "integrity": "sha1-5tXqjF2tABMEpwsiY4RH9pyy+Ak="
    },
    "chalk": {
      "version": "1.1.3",
      "resolved": "https://registry.npmjs.org/chalk/-/chalk-1.1.3.tgz",
      "integrity": "sha1-qBFcVeSnAv5NFQq9OHKCKn4J/Jg="
    },
    "clone": {
      "version": "1.0.4",
      "resolved": "https://registry.npmjs.org/clone/-/clone-1.0.4.tgz",
      "integrity": "sha1-2jCcwmPfFZlMaIypAheco8fNfH4="
    },
    "clone-stats": {
      "version": "0.0.1",
      "resolved": "https://registry.npmjs.org/clone-stats/-/clone-stats-0.0.1.tgz",
      "integrity": "sha1-uI+UqCzzi4eR1YBG6kAprYjKmdE="
    },
    "color-support": {
      "version": "1.1.3",
      "resolved": "https://registry.npmjs.org/color-support/-/color-support-1.1.3.tgz",
      "integrity": "sha512-qiBjkpbMLO/HL68y+lh4q0/O1MZFj2RX6X/KmMa3+gJD3z+WwI1ZzDHysvqHGS3mP6mznPckpXmw1nI9cJjyRg=="
    },
    "core-util-is": {
      "version": "1.0.2",
      "resolved": "https://registry.npmjs.org/core-util-is/-/core-util-is-1.0.2.tgz",
      "integrity": "sha1-tf1UIgqivFq1eqtxQMlAdUUDwac="
    },
    "dateformat": {
      "version": "2.2.0",
      "resolved": "https://registry.npmjs.org/dateformat/-/dateformat-2.2.0.tgz",
      "integrity": "sha1-QGXiATz5+5Ft39gu+1Bq1MZ2kGI="
    },
    "duplexer2": {
      "version": "0.0.2",
      "resolved": "https://registry.npmjs.org/duplexer2/-/duplexer2-0.0.2.tgz",
      "integrity": "sha1-xhTc9n4vsUmVqRcR5aYX6KYKMds=",
      "requires": {
        "readable-stream": "~1.1.9"
      },
      "dependencies": {
        "isarray": {
          "version": "0.0.1",
          "resolved": "https://registry.npmjs.org/isarray/-/isarray-0.0.1.tgz",
          "integrity": "sha1-ihis/Kmo9Bd+Cav8YDiTmwXR7t8="
        },
        "readable-stream": {
          "version": "1.1.14",
          "resolved": "https://registry.npmjs.org/readable-stream/-/readable-stream-1.1.14.tgz",
          "integrity": "sha1-fPTFTvZI44EwhMY23SB54WbAgdk=",
          "requires": {
            "core-util-is": "~1.0.0",
            "inherits": "~2.0.1",
            "isarray": "0.0.1",
            "string_decoder": "~0.10.x"
          }
        },
        "string_decoder": {
          "version": "0.10.31",
          "resolved": "https://registry.npmjs.org/string_decoder/-/string_decoder-0.10.31.tgz",
          "integrity": "sha1-YuIDvEF2bGwoyfyEMB2rHFMQ+pQ="
        }
      }
    },
    "eslint": {
      "version": "4.0.0",
      "resolved": "https://registry.npmjs.org/eslint/-/eslint-4.0.0.tgz",
      "integrity": "sha1-cnfAFDf99B3M0WjVqg5Jt1yh8mA=",
      "dev": true
    },
    "eslint-config-airbnb": {
      "version": "15.1.0",
      "resolved": "https://registry.npmjs.org/eslint-config-airbnb/-/eslint-config-airbnb-15.1.0.tgz",
      "integrity": "sha512-m0q9fiMBzDAIbirlGnpJNWToIhdhJmXXnMG+IFflYzzod9231ZhtmGKegKg8E9T8F1YuVaDSU1FnCm5b9iXVhQ==",
      "dev": true,
      "requires": {
        "eslint-config-airbnb-base": "^11.3.0"
      }
    },
    "eslint-config-airbnb-base": {
      "version": "11.3.2",
      "resolved": "https://registry.npmjs.org/eslint-config-airbnb-base/-/eslint-config-airbnb-base-11.3.2.tgz",
      "integrity": "sha512-/fhjt/VqzBA2SRsx7ErDtv6Ayf+XLw9LIOqmpBuHFCVwyJo2EtzGWMB9fYRFBoWWQLxmNmCpenNiH0RxyeS41w==",
      "dev": true,
      "requires": {
        "eslint-restricted-globals": "^0.1.1"
      }
    },
    "eslint-restricted-globals": {
      "version": "0.1.1",
      "resolved": "https://registry.npmjs.org/eslint-restricted-globals/-/eslint-restricted-globals-0.1.1.tgz",
      "integrity": "sha1-NfDVy8ZMLj7WLpO0saevBbp+1Nc=",
      "dev": true
    },
    "extend": {
      "version": "3.0.2",
      "resolved": "https://registry.npmjs.org/extend/-/extend-3.0.2.tgz",
      "integrity": "sha512-fjquC59cD7CyW6urNXK0FBufkZcoiGG80wTuPujX590cB5Ttln20E2UB4S/WARVqhXffZl2LNgS+gQdPIIim/g=="
    },
    "fancy-log": {
      "version": "1.3.3",
      "resolved": "https://registry.npmjs.org/fancy-log/-/fancy-log-1.3.3.tgz",
      "integrity": "sha512-k9oEhlyc0FrVh25qYuSELjr8oxsCoc4/LEZfg2iJJrfEk/tZL9bCoJE47gqAvI2m/AUjluCS4+3I0eTx8n3AEw==",
      "requires": {
        "ansi-gray": "^0.1.1",
        "color-support": "^1.1.3",
        "parse-node-version": "^1.0.0",
        "time-stamp": "^1.0.0"
      }
    },
    "glogg": {
      "version": "1.0.2",
      "resolved": "https://registry.npmjs.org/glogg/-/glogg-1.0.2.tgz",
      "integrity": "sha512-5mwUoSuBk44Y4EshyiqcH95ZntbDdTQqA3QYSrxmzj28Ai0vXBGMH1ApSANH14j2sIRtqCEyg6PfsuP7ElOEDA==",
      "requires": {
        "sparkles": "^1.0.0"
      }
    },
    "gulp-util": {
      "version": "3.0.8",
      "resolved": "https://registry.npmjs.org/gulp-util/-/gulp-util-3.0.8.tgz",
      "integrity": "sha1-AFTh50RQLifATBh8PsxQXdVLu08=",
      "requires": {
        "array-differ": "^1.0.0",
        "array-uniq": "^1.0.2",
        "beeper": "^1.0.0",
        "chalk": "^1.0.0",
        "dateformat": "^2.0.0",
        "fancy-log": "^1.1.0",
        "gulplog": "^1.0.0",
        "has-gulplog": "^0.1.0",
        "lodash._reescape": "^3.0.0",
        "lodash._reevaluate": "^3.0.0",
        "lodash._reinterpolate": "^3.0.0",
        "lodash.template": "^3.0.0",
        "minimist": "^1.1.0",
        "multipipe": "^0.1.2",
        "object-assign": "^3.0.0",
        "replace-ext": "0.0.1",
        "through2": "^2.0.0",
        "vinyl": "^0.5.0"
      },
      "dependencies": {
        "minimist": {
          "version": "1.2.5",
          "resolved": "https://registry.npmjs.org/minimist/-/minimist-1.2.5.tgz",
          "integrity": "sha512-FM9nNUYrRBAELZQT3xeZQ7fmMOBg6nWNmJKTcgsJeaLstP/UODVpGsr5OhXhhXg6f+qtJ8uiZ+PUxkDWcgIXLw=="
        },
        "object-assign": {
          "version": "3.0.0",
          "resolved": "https://registry.npmjs.org/object-assign/-/object-assign-3.0.0.tgz",
          "integrity": "sha1-m+3VygiXlJvKR+f/QIBi1Un1h/I="
        }
      }
    },
    "gulplog": {
      "version": "1.0.0",
      "resolved": "https://registry.npmjs.org/gulplog/-/gulplog-1.0.0.tgz",
      "integrity": "sha1-4oxNRdBey77YGDY86PnFkmIp/+U=",
      "requires": {
        "glogg": "^1.0.0"
      }
    },
    "has-gulplog": {
      "version": "0.1.0",
      "resolved": "https://registry.npmjs.org/has-gulplog/-/has-gulplog-0.1.0.tgz",
      "integrity": "sha1-ZBTIKRNpfaUVkDl9r7EvIpZ4Ec4=",
      "requires": {
        "sparkles": "^1.0.0"
      }
    },
    "inherits": {
      "version": "2.0.3",
      "resolved": "https://registry.npmjs.org/inherits/-/inherits-2.0.3.tgz",
      "integrity": "sha1-Yzwsg+PaQqUC9SRmAiSA9CCCYd4="
    },
    "isarray": {
      "version": "1.0.0",
      "resolved": "https://registry.npmjs.org/isarray/-/isarray-1.0.0.tgz",
      "integrity": "sha1-u5NdSFgsuhaMBoNJV6VKPgcSTxE="
    },
    "lodash._basecopy": {
      "version": "3.0.1",
      "resolved": "https://registry.npmjs.org/lodash._basecopy/-/lodash._basecopy-3.0.1.tgz",
      "integrity": "sha1-jaDmqHbPNEwK2KVIghEd08XHyjY="
    },
    "lodash._basetostring": {
      "version": "3.0.1",
      "resolved": "https://registry.npmjs.org/lodash._basetostring/-/lodash._basetostring-3.0.1.tgz",
      "integrity": "sha1-0YYdh3+CSlL2aYMtyvPuFVZqB9U="
    },
    "lodash._basevalues": {
      "version": "3.0.0",
      "resolved": "https://registry.npmjs.org/lodash._basevalues/-/lodash._basevalues-3.0.0.tgz",
      "integrity": "sha1-W3dXYoAr3j0yl1A+JjAIIP32Ybc="
    },
    "lodash._getnative": {
      "version": "3.9.1",
      "resolved": "https://registry.npmjs.org/lodash._getnative/-/lodash._getnative-3.9.1.tgz",
      "integrity": "sha1-VwvH3t5G1hzc3mh9ZdPuy6o6r/U="
    },
    "lodash._isiterateecall": {
      "version": "3.0.9",
      "resolved": "https://registry.npmjs.org/lodash._isiterateecall/-/lodash._isiterateecall-3.0.9.tgz",
      "integrity": "sha1-UgOte6Ql+uhCRg5pbbnPPmqsBXw="
    },
    "lodash._reescape": {
      "version": "3.0.0",
      "resolved": "https://registry.npmjs.org/lodash._reescape/-/lodash._reescape-3.0.0.tgz",
      "integrity": "sha1-Kx1vXf4HyKNVdT5fJ/rH8c3hYWo="
    },
    "lodash._reevaluate": {
      "version": "3.0.0",
      "resolved": "https://registry.npmjs.org/lodash._reevaluate/-/lodash._reevaluate-3.0.0.tgz",
      "integrity": "sha1-WLx0xAZklTrgsSTYBpltrKQx4u0="
    },
    "lodash._reinterpolate": {
      "version": "3.0.0",
      "resolved": "https://registry.npmjs.org/lodash._reinterpolate/-/lodash._reinterpolate-3.0.0.tgz",
      "integrity": "sha1-DM8tiRZq8Ds2Y8eWU4t1rG4RTZ0="
    },
    "lodash._root": {
      "version": "3.0.1",
      "resolved": "https://registry.npmjs.org/lodash._root/-/lodash._root-3.0.1.tgz",
      "integrity": "sha1-+6HEUkwZ7ppfgTa0YJ8BfPTe1pI="
    },
    "lodash.escape": {
      "version": "3.2.0",
      "resolved": "https://registry.npmjs.org/lodash.escape/-/lodash.escape-3.2.0.tgz",
      "integrity": "sha1-mV7g3BjBtIzJLv+ucaEKq1tIdpg=",
      "requires": {
        "lodash._root": "^3.0.0"
      }
    },
    "lodash.isarguments": {
      "version": "3.1.0",
      "resolved": "https://registry.npmjs.org/lodash.isarguments/-/lodash.isarguments-3.1.0.tgz",
      "integrity": "sha1-L1c9hcaiQon/AGY7SRwdM4/zRYo="
    },
    "lodash.isarray": {
      "version": "3.0.4",
      "resolved": "https://registry.npmjs.org/lodash.isarray/-/lodash.isarray-3.0.4.tgz",
      "integrity": "sha1-eeTriMNqgSKvhvhEqpvNhRtfu1U="
    },
    "lodash.keys": {
      "version": "3.1.2",
      "resolved": "https://registry.npmjs.org/lodash.keys/-/lodash.keys-3.1.2.tgz",
      "integrity": "sha1-TbwEcrFWvlCgsoaFXRvQsMZWCYo=",
      "requires": {
        "lodash._getnative": "^3.0.0",
        "lodash.isarguments": "^3.0.0",
        "lodash.isarray": "^3.0.0"
      }
    },
    "lodash.restparam": {
      "version": "3.6.1",
      "resolved": "https://registry.npmjs.org/lodash.restparam/-/lodash.restparam-3.6.1.tgz",
      "integrity": "sha1-k2pOMJ7zMKdkXtQUWYbIWuWyCAU="
    },
    "lodash.template": {
      "version": "3.6.2",
      "resolved": "https://registry.npmjs.org/lodash.template/-/lodash.template-3.6.2.tgz",
      "integrity": "sha1-+M3sxhaaJVvpCYrosMU9N4kx0U8=",
      "requires": {
        "lodash._basecopy": "^3.0.0",
        "lodash._basetostring": "^3.0.0",
        "lodash._basevalues": "^3.0.0",
        "lodash._isiterateecall": "^3.0.0",
        "lodash._reinterpolate": "^3.0.0",
        "lodash.escape": "^3.0.0",
        "lodash.keys": "^3.0.0",
        "lodash.restparam": "^3.0.0",
        "lodash.templatesettings": "^3.0.0"
      }
    },
    "lodash.templatesettings": {
      "version": "3.1.1",
      "resolved": "https://registry.npmjs.org/lodash.templatesettings/-/lodash.templatesettings-3.1.1.tgz",
      "integrity": "sha1-+zB4RHU7Zrnxr6VOJix0UwfbqOU=",
      "requires": {
        "lodash._reinterpolate": "^3.0.0",
        "lodash.escape": "^3.0.0"
      }
    },
    "multipipe": {
      "version": "0.1.2",
      "resolved": "https://registry.npmjs.org/multipipe/-/multipipe-0.1.2.tgz",
      "integrity": "sha1-Ko8t33Du1WTf8tV/HhoTfZ8FB4s=",
      "requires": {
        "duplexer2": "0.0.2"
      }
    },
    "parse-node-version": {
      "version": "1.0.1",
      "resolved": "https://registry.npmjs.org/parse-node-version/-/parse-node-version-1.0.1.tgz",
      "integrity": "sha512-3YHlOa/JgH6Mnpr05jP9eDG254US9ek25LyIxZlDItp2iJtwyaXQb57lBYLdT3MowkUFYEV2XXNAYIPlESvJlA=="
    },
    "replace-ext": {
      "version": "0.0.1",
      "resolved": "https://registry.npmjs.org/replace-ext/-/replace-ext-0.0.1.tgz",
      "integrity": "sha1-KbvZIHinOfC8zitO5B6DeVNSKSQ="
    },
    "sparkles": {
      "version": "1.0.1",
      "resolved": "https://registry.npmjs.org/sparkles/-/sparkles-1.0.1.tgz",
      "integrity": "sha512-dSO0DDYUahUt/0/pD/Is3VIm5TGJjludZ0HVymmhYF6eNA53PVLhnUk0znSYbH8IYBuJdCE+1luR22jNLMaQdw=="
    },
    "through2": {
      "version": "2.0.5",
      "resolved": "https://registry.npmjs.org/through2/-/through2-2.0.5.tgz",
      "integrity": "sha512-/mrRod8xqpA+IHSLyGCQ2s8SPHiCDEeQJSep1jqLYeEUClOFG2Qsh+4FU6G9VeqpZnGW/Su8LQGc4YKni5rYSQ==",
      "requires": {
        "readable-stream": "~2.3.6",
        "xtend": "~4.0.1"
      },
      "dependencies": {
        "process-nextick-args": {
          "version": "2.0.1",
          "resolved": "https://registry.npmjs.org/process-nextick-args/-/process-nextick-args-2.0.1.tgz",
          "integrity": "sha512-3ouUOpQhtgrbOa17J7+uxOTpITYWaGP7/AhoR3+A+/1e9skrzelGi/dXzEYyvbxubEF6Wn2ypscTKiKJFFn1ag=="
        },
        "readable-stream": {
          "version": "2.3.7",
          "resolved": "https://registry.npmjs.org/readable-stream/-/readable-stream-2.3.7.tgz",
          "integrity": "sha512-Ebho8K4jIbHAxnuxi7o42OrZgF/ZTNcsZj6nRKyUmkhLFq8CHItp/fy6hQZuZmP/n3yZ9VBUbp4zz/mX8hmYPw==",
          "requires": {
            "core-util-is": "~1.0.0",
            "inherits": "~2.0.3",
            "isarray": "~1.0.0",
            "process-nextick-args": "~2.0.0",
            "safe-buffer": "~5.1.1",
            "string_decoder": "~1.1.1",
            "util-deprecate": "~1.0.1"
          }
        },
        "safe-buffer": {
          "version": "5.1.2",
          "resolved": "https://registry.npmjs.org/safe-buffer/-/safe-buffer-5.1.2.tgz",
          "integrity": "sha512-Gd2UZBJDkXlY7GbJxfsE8/nvKkUEU1G38c1siN6QP6a9PT9MmHB8GnpscSmMJSoF8LOIrt8ud/wPtojys4G6+g=="
        },
        "string_decoder": {
          "version": "1.1.1",
          "resolved": "https://registry.npmjs.org/string_decoder/-/string_decoder-1.1.1.tgz",
          "integrity": "sha512-n/ShnvDi6FHbbVfviro+WojiFzv+s8MPMHBczVePfUpDJLwoLT0ht1l4YwBCbi8pJAveEEdnkHyPyTP/mzRfwg==",
          "requires": {
            "safe-buffer": "~5.1.0"
          }
        }
      }
    },
    "time-stamp": {
      "version": "1.1.0",
      "resolved": "https://registry.npmjs.org/time-stamp/-/time-stamp-1.1.0.tgz",
      "integrity": "sha1-dkpaEa9QVhkhsTPztE5hhofg9cM="
    },
    "util-deprecate": {
      "version": "1.0.2",
      "resolved": "https://registry.npmjs.org/util-deprecate/-/util-deprecate-1.0.2.tgz",
      "integrity": "sha1-RQ1Nyfpw3nMnYvvS1KKJgUGaDM8="
    },
    "vinyl": {
      "version": "0.5.3",
      "resolved": "https://registry.npmjs.org/vinyl/-/vinyl-0.5.3.tgz",
      "integrity": "sha1-sEVbOPxeDPMNQyUTLkYZcMIJHN4=",
      "requires": {
        "clone": "^1.0.0",
        "clone-stats": "^0.0.1",
        "replace-ext": "0.0.1"
      }
    },
    "xtend": {
      "version": "4.0.1",
      "resolved": "https://registry.npmjs.org/xtend/-/xtend-4.0.1.tgz",
      "integrity": "sha1-pcbVMr5lbiPbgg77lDofBJmNY68="
    }
  }
}
